
Microsoft Visual Studio Solution File, Format Version 12.00
# Visual Studio Version 16
VisualStudioVersion = 16.0.30804.86
MinimumVisualStudioVersion = 10.0.40219.1
Project("{FAE04EC0-301F-11D3-BF4B-00C04F79EFBC}") = "Task_1", "Task_1\Task_1.csproj", "{C13DC93A-7D4F-49A8-BDF5-B38FD5B5CB21}"
EndProject
Project("{FAE04EC0-301F-11D3-BF4B-00C04F79EFBC}") = "Task_2", "Task_2\Task_2.csproj", "{3412B24A-63EF-40A3-8329-604580EE5233}"
EndProject
Project("{FAE04EC0-301F-11D3-BF4B-00C04F79EFBC}") = "Task_3", "Task_3\Task_3.csproj", "{2FE27B79-4B59-4770-AD51-E7BD64A092AE}"
EndProject
Global
	GlobalSection(SolutionConfigurationPlatforms) = preSolution
		Debug|Any CPU = Debug|Any CPU
		Release|Any CPU = Release|Any CPU
	EndGlobalSection
	GlobalSection(ProjectConfigurationPlatforms) = postSolution
		{C13DC93A-7D4F-49A8-BDF5-B38FD5B5CB21}.Debug|Any CPU.ActiveCfg = Debug|Any CPU
		{C13DC93A-7D4F-49A8-BDF5-B38FD5B5CB21}.Debug|Any CPU.Build.0 = Debug|Any CPU
		{C13DC93A-7D4F-49A8-BDF5-B38FD5B5CB21}.Release|Any CPU.ActiveCfg = Release|Any CPU
		{C13DC93A-7D4F-49A8-BDF5-B38FD5B5CB21}.Release|Any CPU.Build.0 = Release|Any CPU
		{3412B24A-63EF-40A3-8329-604580EE5233}.Debug|Any CPU.ActiveCfg = Debug|Any CPU
		{3412B24A-63EF-40A3-8329-604580EE5233}.Debug|Any CPU.Build.0 = Debug|Any CPU
		{3412B24A-63EF-40A3-8329-604580EE5233}.Release|Any CPU.ActiveCfg = Release|Any CPU
		{3412B24A-63EF-40A3-8329-604580EE5233}.Release|Any CPU.Build.0 = Release|Any CPU
		{2FE27B79-4B59-4770-AD51-E7BD64A092AE}.Debug|Any CPU.ActiveCfg = Debug|Any CPU
		{2FE27B79-4B59-4770-AD51-E7BD64A092AE}.Debug|Any CPU.Build.0 = Debug|Any CPU
		{2FE27B79-4B59-4770-AD51-E7BD64A092AE}.Release|Any CPU.ActiveCfg = Release|Any CPU
		{2FE27B79-4B59-4770-AD51-E7BD64A092AE}.Release|Any CPU.Build.0 = Release|Any CPU
	EndGlobalSection
	GlobalSection(SolutionProperties) = preSolution
		HideSolutionNode = FALSE
	EndGlobalSection
	GlobalSection(ExtensibilityGlobals) = postSolution
		SolutionGuid = {2DF39366-C3DD-433A-8A40-C8EB1FDA30DB}
	EndGlobalSection
EndGlobal
